
Microsoft Visual Studio Solution File, Format Version 12.00
# Visual Studio Version 16
VisualStudioVersion = 16.0.32126.315
MinimumVisualStudioVersion = 10.0.40219.1
Project("{FAE04EC0-301F-11D3-BF4B-00C04F79EFBC}") = "Saugumo_5uzd", "Saugumo_5uzd\Saugumo_5uzd.csproj", "{7875ADF6-D3DD-40D2-B4CA-34F971629305}"
EndProject
Project("{FAE04EC0-301F-11D3-BF4B-00C04F79EFBC}") = "Server", "Server\Server.csproj", "{8B05F13D-0561-430F-B183-7B0FF7A53189}"
EndProject
Project("{FAE04EC0-301F-11D3-BF4B-00C04F79EFBC}") = "receiverr", "receiverr\receiverr.csproj", "{61F8578C-D210-4D75-9095-43C54E506171}"
EndProject
Global
	GlobalSection(SolutionConfigurationPlatforms) = preSolution
		Debug|Any CPU = Debug|Any CPU
		Release|Any CPU = Release|Any CPU
	EndGlobalSection
	GlobalSection(ProjectConfigurationPlatforms) = postSolution
		{7875ADF6-D3DD-40D2-B4CA-34F971629305}.Debug|Any CPU.ActiveCfg = Debug|Any CPU
		{7875ADF6-D3DD-40D2-B4CA-34F971629305}.Debug|Any CPU.Build.0 = Debug|Any CPU
		{7875ADF6-D3DD-40D2-B4CA-34F971629305}.Release|Any CPU.ActiveCfg = Release|Any CPU
		{7875ADF6-D3DD-40D2-B4CA-34F971629305}.Release|Any CPU.Build.0 = Release|Any CPU
		{8B05F13D-0561-430F-B183-7B0FF7A53189}.Debug|Any CPU.ActiveCfg = Debug|Any CPU
		{8B05F13D-0561-430F-B183-7B0FF7A53189}.Debug|Any CPU.Build.0 = Debug|Any CPU
		{8B05F13D-0561-430F-B183-7B0FF7A53189}.Release|Any CPU.ActiveCfg = Release|Any CPU
		{8B05F13D-0561-430F-B183-7B0FF7A53189}.Release|Any CPU.Build.0 = Release|Any CPU
		{61F8578C-D210-4D75-9095-43C54E506171}.Debug|Any CPU.ActiveCfg = Debug|Any CPU
		{61F8578C-D210-4D75-9095-43C54E506171}.Debug|Any CPU.Build.0 = Debug|Any CPU
		{61F8578C-D210-4D75-9095-43C54E506171}.Release|Any CPU.ActiveCfg = Release|Any CPU
		{61F8578C-D210-4D75-9095-43C54E506171}.Release|Any CPU.Build.0 = Release|Any CPU
	EndGlobalSection
	GlobalSection(SolutionProperties) = preSolution
		HideSolutionNode = FALSE
	EndGlobalSection
	GlobalSection(ExtensibilityGlobals) = postSolution
		SolutionGuid = {A357D595-3D46-40A9-BB33-8DD1106F18F2}
	EndGlobalSection
EndGlobal
